<?xml version="1.0" encoding="utf-8"?>
<Project ToolsVersion="4.0" xmlns="http://schemas.microsoft.com/developer/msbuild/2003">
  <ItemGroup>
    <ClCompile Include="src\Entities\Components\EntityComponent.cpp" />
    <ClCompile Include="src\Entities\Components\Lights\PointLight.cpp" />
    <ClCompile Include="src\Entities\Components\Miscs\Camera.cpp" />
    <ClCompile Include="src\Entities\Components\Renderable\Models\Model.cpp" />
    <ClCompile Include="src\Entities\Components\Renderable\Renderable.cpp" />
    <ClCompile Include="src\Entities\Entity.cpp" />
    <ClCompile Include="src\Graphics\Buffers\EBO.cpp" />
    <ClCompile Include="src\Graphics\Buffers\Texture.cpp" />
    <ClCompile Include="src\Graphics\Buffers\VAO.cpp" />
    <ClCompile Include="src\Graphics\Buffers\VBO.cpp" />
    <ClCompile Include="src\Graphics\Shaders\Shader.cpp" />
    <ClCompile Include="src\Graphics\Window.cpp" />
    <ClCompile Include="src\Graphics\Shaders\LightingShader.cpp" />
    <ClCompile Include="src\Graphics\Renderers\SimpleRenderer3D.cpp" />
    <ClCompile Include="src\Entities\Components\Renderable\Shapes\Rectangle.cpp" />
    <ClCompile Include="src\Graphics\Renderers\SimpleRenderer2D.cpp" />
    <ClCompile Include="src\Entities\Components\Renderable\Shapes\Character.h" />
    <ClCompile Include="src\Entities\Components\Renderable\Shapes\Font.cpp" />
    <ClCompile Include="src\Entities\Components\Renderable\Shapes\Text.cpp" />
    <ClCompile Include="src\main.cpp" />
  </ItemGroup>
  <ItemGroup>
    <ClInclude Include="src\Entities\Components\EntityComponent.h" />
    <ClInclude Include="src\Entities\Components\Lights\PointLight.h" />
    <ClInclude Include="src\Entities\Components\Miscs\Camera.h" />
    <ClInclude Include="src\Entities\Components\Renderable\Models\Mesh.h" />
    <ClInclude Include="src\Entities\Components\Renderable\Models\Model.h" />
    <ClInclude Include="src\Entities\Components\Renderable\Renderable.h" />
    <ClInclude Include="src\Entities\Entities.h" />
    <ClInclude Include="src\Entities\Entity.h" />
    <ClInclude Include="src\Graphics\Buffers\Buffers.h" />
    <ClInclude Include="src\Graphics\Buffers\EBO.h" />
    <ClInclude Include="src\Graphics\Buffers\Image.h" />
    <ClInclude Include="src\Graphics\Buffers\Texture.h" />
    <ClInclude Include="src\Graphics\Buffers\VAO.h" />
    <ClInclude Include="src\Graphics\Buffers\VBO.h" />
    <ClInclude Include="src\Graphics\Buffers\Vertex.h" />
    <ClInclude Include="src\Graphics\Shaders\Shader.h" />
    <ClInclude Include="src\Graphics\Window.h" />
    <ClInclude Include="src\Materials\Material.h" />
    <ClInclude Include="src\Utils\FileReader.h" />
    <ClInclude Include="src\Utils\ImageLoader.h" />
    <ClInclude Include="src\Graphics\Shaders\LightingShader.h" />
    <ClInclude Include="src\Graphics\Renderers\SimpleRenderer3D.h" />
    <ClInclude Include="src\Entities\Components\Renderable\Shapes\Renderable2D.h" />
    <ClInclude Include="src\Entities\Components\Renderable\Shapes\Rectangle.h" />
    <ClInclude Include="src\Graphics\Renderers\SimpleRenderer2D.h" />
    <ClInclude Include="src\Entities\Components\Renderable\Shapes\Font.h" />
    <ClInclude Include="src\Entities\Components\Renderable\Shapes\Text.h" />
    <ClInclude Include="src\UEinclude.h" />
  </ItemGroup>
  <ItemGroup>
    <None Include="src\Graphics\Shaders\BasicLighting.frag" />
    <None Include="src\Graphics\Shaders\BasicLighting.vert" />
  </ItemGroup>
</Project>